{
  "name": "node_multithreading",
  "version": "1.0.0",
  "lockfileVersion": 1,
  "requires": true,
  "dependencies": {
    "workerpool": {
      "version": "6.1.5",
      "resolved": "https://registry.npmjs.org/workerpool/-/workerpool-6.1.5.tgz",
      "integrity": "sha512-XdKkCK0Zqc6w3iTxLckiuJ81tiD/o5rBE/m+nXpRCB+/Sq4DqkfXZ/x0jW02DG1tGsfUGXbTJyZDP+eu67haSw=="
    }
  }
}
